{
  "nodes": {
    "disko": {
      "inputs": {
        "nixpkgs": [
          "nixpkgs"
        ]
      },
      "locked": {
        "lastModified": 1781152676,
        "narHash": "sha256-RxWs5ND31KzTG7wvMM+PMfUjyNpmIEr999lqNARaM5o=",
        "owner": "nix-community",
        "repo": "disko",
        "rev": "ff8702b4de27f72b4c78573dfb89ec74e36abdf1",
        "type": "github"
      },
      "original": {
        "owner": "nix-community",
        "repo": "disko",
        "type": "github"
      }
    },
    "dwl": {
      "inputs": {
        "nixpkgs": "nixpkgs"
      },
      "locked": {
        "lastModified": 1780991662,
        "narHash": "sha256-l9jQTLx7CUNJKocXvcJyUyik2DFxrZGcEBQqDepmqWI=",
        "owner": "bnjjo",
        "repo": "dwl",
        "rev": "056917bb6fe618ae8e9d665d2b62055d3ccb2207",
        "type": "github"
      },
      "original": {
        "owner": "bnjjo",
        "ref": "main",
        "repo": "dwl",
        "type": "github"
      }
    },
    "fenix": {
      "inputs": {
        "nixpkgs": [
          "nixpkgs"
        ],
        "rust-analyzer-src": "rust-analyzer-src"
      },
      "locked": {
        "lastModified": 1781343250,
        "narHash": "sha256-KBJktAwDG9+10j2wMfvOVkBEhZr3yS769xoqqdFI62s=",
        "owner": "nix-community",
        "repo": "fenix",
        "rev": "aad7d8bb6936d473c2b9d1a5846a1fe1bc92767a",
        "type": "github"
      },
      "original": {
        "owner": "nix-community",
        "repo": "fenix",
        "type": "github"
      }
    },
    "home-manager": {
      "inputs": {
        "nixpkgs": [
          "nixpkgs"
        ]
      },
      "locked": {
        "lastModified": 1781365335,
        "narHash": "sha256-zqDBhXMzfbdlO7F2bGHe7MOtB3xngd/+4ieMHDC+ZXo=",
        "owner": "nix-community",
        "repo": "home-manager",
        "rev": "5b6f5733726a1b2ccafb5dec6ac4ca7299fad66c",
        "type": "github"
      },
      "original": {
        "owner": "nix-community",
        "ref": "master",
        "repo": "home-manager",
        "type": "github"
      }
    },
    "nix-darwin": {
      "inputs": {
        "nixpkgs": [
          "nixpkgs"
        ]
      },
      "locked": {
        "lastModified": 1781242433,
        "narHash": "sha256-bchLZZ3sRn740zyvD2icZSnNoTaanN0nw7l6fjVXO+E=",
        "owner": "nix-darwin",
        "repo": "nix-darwin",
        "rev": "aabb2037edfc0f210723b72cd5f528aab5dd3f0b",
        "type": "github"
      },
      "original": {
        "owner": "nix-darwin",
        "ref": "master",
        "repo": "nix-darwin",
        "type": "github"
      }
    },
    "nix-flatpak": {
      "locked": {
        "lastModified": 1767983141,
        "narHash": "sha256-7ZCulYUD9RmJIDULTRkGLSW1faMpDlPKcbWJLYHoXcs=",
        "owner": "gmodena",
        "repo": "nix-flatpak",
        "rev": "440818969ac2cbd77bfe025e884d0aa528991374",
        "type": "github"
      },
      "original": {
        "owner": "gmodena",
        "ref": "latest",
        "repo": "nix-flatpak",
        "type": "github"
      }
    },
    "nixpkgs": {
      "locked": {
        "lastModified": 1780749050,
        "narHash": "sha256-3av0pIjlOWQ6rDbNOmpUSvbNnJkGORQKKjb4LtCZsIY=",
        "owner": "nixos",
        "repo": "nixpkgs",
        "rev": "a799d3e3886da994fa307f817a6bc705ae538eeb",
        "type": "github"
      },
      "original": {
        "owner": "nixos",
        "ref": "nixos-unstable",
        "repo": "nixpkgs",
        "type": "github"
      }
    },
    "nixpkgs_2": {
      "locked": {
        "lastModified": 1781074563,
        "narHash": "sha256-md8WlXOlfnIeHeOScMTTHFyf2d6iaTwPl2apR5EQ3P4=",
        "owner": "NixOS",
        "repo": "nixpkgs",
        "rev": "9ae611a455b90cf061d8f332b977e387bda8e1ca",
        "type": "github"
      },
      "original": {
        "owner": "NixOS",
        "ref": "nixos-unstable",
        "repo": "nixpkgs",
        "type": "github"
      }
    },
    "nixpkgs_3": {
      "locked": {
        "lastModified": 1780243769,
        "narHash": "sha256-x5UQuRsH3MqI0U9afaXSNqzTPSeZlRLvFAav2Ux1pNw=",
        "owner": "nixos",
        "repo": "nixpkgs",
        "rev": "331800de5053fcebacf6813adb5db9c9dca22a0c",
        "type": "github"
      },
      "original": {
        "owner": "nixos",
        "ref": "nixos-unstable",
        "repo": "nixpkgs",
        "type": "github"
      }
    },
    "preservation": {
      "locked": {
        "lastModified": 1757436102,
        "narHash": "sha256-mMI9IanU+Xw+pVogD2oT0I2kTmvz2Un/Apc5+CwUpEY=",
        "owner": "nix-community",
        "repo": "preservation",
        "rev": "93416f4614ad2dfed5b0dcf12f27e57d27a5ab11",
        "type": "github"
      },
      "original": {
        "owner": "nix-community",
        "repo": "preservation",
        "type": "github"
      }
    },
    "root": {
      "inputs": {
        "disko": "disko",
        "dwl": "dwl",
        "fenix": "fenix",
        "home-manager": "home-manager",
        "nix-darwin": "nix-darwin",
        "nix-flatpak": "nix-flatpak",
        "nixpkgs": "nixpkgs_2",
        "preservation": "preservation",
        "slstatus": "slstatus",
        "zen-browser": "zen-browser"
      }
    },
    "rust-analyzer-src": {
      "flake": false,
      "locked": {
        "lastModified": 1781294997,
        "narHash": "sha256-XjCyIvJw4JtcwItTKRdQz5h1pLF9hr8ZSYeMP+/1d3A=",
        "owner": "rust-lang",
        "repo": "rust-analyzer",
        "rev": "3f92cd1612268995d5667bd04fa03ba2916413d9",
        "type": "github"
      },
      "original": {
        "owner": "rust-lang",
        "ref": "nightly",
        "repo": "rust-analyzer",
        "type": "github"
      }
    },
    "slstatus": {
      "inputs": {
        "nixpkgs": "nixpkgs_3"
      },
      "locked": {
        "lastModified": 1780991094,
        "narHash": "sha256-PozBgoPgmRFzQWglw4Y6i0do2rXYAd3nP514YJf5Ajg=",
        "owner": "bnjjo",
        "repo": "slstatus",
        "rev": "6a85487fdec01bff5e87e07cd0c5d134271bafa2",
        "type": "github"
      },
      "original": {
        "owner": "bnjjo",
        "ref": "master",
        "repo": "slstatus",
        "type": "github"
      }
    },
    "zen-browser": {
      "inputs": {
        "nixpkgs": [
          "nixpkgs"
        ]
      },
      "locked": {
        "lastModified": 1781242638,
        "narHash": "sha256-n0s/QM5ZJl3/v4tgDLsATIHR2dC+4+Aa2BT6FnthGy4=",
        "owner": "youwen5",
        "repo": "zen-browser-flake",
        "rev": "79f7cca35f9e4e38d1f8767bac130159f60866cc",
        "type": "github"
      },
      "original": {
        "owner": "youwen5",
        "repo": "zen-browser-flake",
        "type": "github"
      }
    }
  },
  "root": "root",
  "version": 7
}
